
Microsoft Visual Studio Solution File, Format Version 12.00
Project("{FAE04EC0-301F-11D3-BF4B-00C04F79EFBC}") = "HackerNewsReader", "HackerNewsReader\HackerNewsReader.csproj", "{19DB741B-66F1-4439-8DF7-5AC5B27ED50F}"
EndProject
Global
	GlobalSection(SolutionConfigurationPlatforms) = preSolution
		Debug|Any CPU = Debug|Any CPU
		Release|Any CPU = Release|Any CPU
	EndGlobalSection
	GlobalSection(ProjectConfigurationPlatforms) = postSolution
		{19DB741B-66F1-4439-8DF7-5AC5B27ED50F}.Debug|Any CPU.ActiveCfg = Debug|Any CPU
		{19DB741B-66F1-4439-8DF7-5AC5B27ED50F}.Debug|Any CPU.Build.0 = Debug|Any CPU
		{19DB741B-66F1-4439-8DF7-5AC5B27ED50F}.Release|Any CPU.ActiveCfg = Release|Any CPU
		{19DB741B-66F1-4439-8DF7-5AC5B27ED50F}.Release|Any CPU.Build.0 = Release|Any CPU
	EndGlobalSection
EndGlobal
